// !$*UTF8*$!
{
	archiveVersion = 1;
	classes = {
	};
	objectVersion = 56;
	objects = {

/* Begin PBXBuildFile section */
		2B587C932C0A6D2900342F57 /* Cooking_AppApp.swift in Sources */ = {isa = PBXBuildFile; fileRef = 2B587C922C0A6D2900342F57 /* Cooking_AppApp.swift */; };
		2B587C952C0A6D2900342F57 /* ContentView.swift in Sources */ = {isa = PBXBuildFile; fileRef = 2B587C942C0A6D2900342F57 /* ContentView.swift */; };
		2B587C972C0A6D2A00342F57 /* Assets.xcassets in Resources */ = {isa = PBXBuildFile; fileRef = 2B587C962C0A6D2A00342F57 /* Assets.xcassets */; };
		2B587C9A2C0A6D2A00342F57 /* Preview Assets.xcassets in Resources */ = {isa = PBXBuildFile; fileRef = 2B587C992C0A6D2A00342F57 /* Preview Assets.xcassets */; };
		2B587CA42C0A6D2A00342F57 /* Cooking_AppTests.swift in Sources */ = {isa = PBXBuildFile; fileRef = 2B587CA32C0A6D2A00342F57 /* Cooking_AppTests.swift */; };
		2B587CAE2C0A6D2A00342F57 /* Cooking_AppUITests.swift in Sources */ = {isa = PBXBuildFile; fileRef = 2B587CAD2C0A6D2A00342F57 /* Cooking_AppUITests.swift */; };
		2B587CB02C0A6D2A00342F57 /* Cooking_AppUITestsLaunchTests.swift in Sources */ = {isa = PBXBuildFile; fileRef = 2B587CAF2C0A6D2A00342F57 /* Cooking_AppUITestsLaunchTests.swift */; };
/* End PBXBuildFile section */

/* Begin PBXContainerItemProxy section */
		2B587CA02C0A6D2A00342F57 /* PBXContainerItemProxy */ = {
			isa = PBXContainerItemProxy;
			containerPortal = 2B587C872C0A6D2900342F57 /* Project object */;
			proxyType = 1;
			remoteGlobalIDString = 2B587C8E2C0A6D2900342F57;
			remoteInfo = "Cooking App";
		};
		2B587CAA2C0A6D2A00342F57 /* PBXContainerItemProxy */ = {
			isa = PBXContainerItemProxy;
			containerPortal = 2B587C872C0A6D2900342F57 /* Project object */;
			proxyType = 1;
			remoteGlobalIDString = 2B587C8E2C0A6D2900342F57;
			remoteInfo = "Cooking App";
		};
/* End PBXContainerItemProxy section */

/* Begin PBXFileReference section */
		2B587C8F2C0A6D2900342F57 /* Cooking App.app */ = {isa = PBXFileReference; explicitFileType = wrapper.application; includeInIndex = 0; path = "Cooking App.app"; sourceTree = BUILT_PRODUCTS_DIR; };
		2B587C922C0A6D2900342F57 /* Cooking_AppApp.swift */ = {isa = PBXFileReference; lastKnownFileType = sourcecode.swift; path = Cooking_AppApp.swift; sourceTree = "<group>"; };
		2B587C942C0A6D2900342F57 /* ContentView.swift */ = {isa = PBXFileReference; lastKnownFileType = sourcecode.swift; path = ContentView.swift; sourceTree = "<group>"; };
		2B587C962C0A6D2A00342F57 /* Assets.xcassets */ = {isa = PBXFileReference; lastKnownFileType = folder.assetcatalog; path = Assets.xcassets; sourceTree = "<group>"; };
		2B587C992C0A6D2A00342F57 /* Preview Assets.xcassets */ = {isa = PBXFileReference; lastKnownFileType = folder.assetcatalog; path = "Preview Assets.xcassets"; sourceTree = "<group>"; };
		2B587C9F2C0A6D2A00342F57 /* Cooking AppTests.xctest */ = {isa = PBXFileReference; explicitFileType = wrapper.cfbundle; includeInIndex = 0; path = "Cooking AppTests.xctest"; sourceTree = BUILT_PRODUCTS_DIR; };
		2B587CA32C0A6D2A00342F57 /* Cooking_AppTests.swift */ = {isa = PBXFileReference; lastKnownFileType = sourcecode.swift; path = Cooking_AppTests.swift; sourceTree = "<group>"; };
		2B587CA92C0A6D2A00342F57 /* Cooking AppUITests.xctest */ = {isa = PBXFileReference; explicitFileType = wrapper.cfbundle; includeInIndex = 0; path = "Cooking AppUITests.xctest"; sourceTree = BUILT_PRODUCTS_DIR; };
		2B587CAD2C0A6D2A00342F57 /* Cooking_AppUITests.swift */ = {isa = PBXFileReference; lastKnownFileType = sourcecode.swift; path = Cooking_AppUITests.swift; sourceTree = "<group>"; };
		2B587CAF2C0A6D2A00342F57 /* Cooking_AppUITestsLaunchTests.swift */ = {isa = PBXFileReference; lastKnownFileType = sourcecode.swift; path = Cooking_AppUITestsLaunchTests.swift; sourceTree = "<group>"; };
/* End PBXFileReference section */

/* Begin PBXFrameworksBuildPhase section */
		2B587C8C2C0A6D2900342F57 /* Frameworks */ = {
			isa = PBXFrameworksBuildPhase;
			buildActionMask = 2147483647;
			files = (
			);
			runOnlyForDeploymentPostprocessing = 0;
		};
		2B587C9C2C0A6D2A00342F57 /* Frameworks */ = {
			isa = PBXFrameworksBuildPhase;
			buildActionMask = 2147483647;
			files = (
			);
			runOnlyForDeploymentPostprocessing = 0;
		};
		2B587CA62C0A6D2A00342F57 /* Frameworks */ = {
			isa = PBXFrameworksBuildPhase;
			buildActionMask = 2147483647;
			files = (
			);
			runOnlyForDeploymentPostprocessing = 0;
		};
/* End PBXFrameworksBuildPhase section */

/* Begin PBXGroup section */
		2B587C862C0A6D2900342F57 = {
			isa = PBXGroup;
			children = (
				2B587C912C0A6D2900342F57 /* Cooking App */,
				2B587CA22C0A6D2A00342F57 /* Cooking AppTests */,
				2B587CAC2C0A6D2A00342F57 /* Cooking AppUITests */,
				2B587C902C0A6D2900342F57 /* Products */,
			);
			sourceTree = "<group>";
		};
		2B587C902C0A6D2900342F57 /* Products */ = {
			isa = PBXGroup;
			children = (
				2B587C8F2C0A6D2900342F57 /* Cooking App.app */,
				2B587C9F2C0A6D2A00342F57 /* Cooking AppTests.xctest */,
				2B587CA92C0A6D2A00342F57 /* Cooking AppUITests.xctest */,
			);
			name = Products;
			sourceTree = "<group>";
		};
		2B587C912C0A6D2900342F57 /* Cooking App */ = {
			isa = PBXGroup;
			children = (
				2B587C922C0A6D2900342F57 /* Cooking_AppApp.swift */,
				2B587C942C0A6D2900342F57 /* ContentView.swift */,
				2B587C962C0A6D2A00342F57 /* Assets.xcassets */,
				2B587C982C0A6D2A00342F57 /* Preview Content */,
			);
			path = "Cooking App";
			sourceTree = "<group>";
		};
		2B587C982C0A6D2A00342F57 /* Preview Content */ = {
			isa = PBXGroup;
			children = (
				2B587C992C0A6D2A00342F57 /* Preview Assets.xcassets */,
			);
			path = "Preview Content";
			sourceTree = "<group>";
		};
		2B587CA22C0A6D2A00342F57 /* Cooking AppTests */ = {
			isa = PBXGroup;
			children = (
				2B587CA32C0A6D2A00342F57 /* Cooking_AppTests.swift */,
			);
			path = "Cooking AppTests";
			sourceTree = "<group>";
		};
		2B587CAC2C0A6D2A00342F57 /* Cooking AppUITests */ = {
			isa = PBXGroup;
			children = (
				2B587CAD2C0A6D2A00342F57 /* Cooking_AppUITests.swift */,
				2B587CAF2C0A6D2A00342F57 /* Cooking_AppUITestsLaunchTests.swift */,
			);
			path = "Cooking AppUITests";
			sourceTree = "<group>";
		};
/* End PBXGroup section */

/* Begin PBXNativeTarget section */
		2B587C8E2C0A6D2900342F57 /* Cooking App */ = {
			isa = PBXNativeTarget;
			buildConfigurationList = 2B587CB32C0A6D2A00342F57 /* Build configuration list for PBXNativeTarget "Cooking App" */;
			buildPhases = (
				2B587C8B2C0A6D2900342F57 /* Sources */,
				2B587C8C2C0A6D2900342F57 /* Frameworks */,
				2B587C8D2C0A6D2900342F57 /* Resources */,
			);
			buildRules = (
			);
			dependencies = (
			);
			name = "Cooking App";
			productName = "Cooking App";
			productReference = 2B587C8F2C0A6D2900342F57 /* Cooking App.app */;
			productType = "com.apple.product-type.application";
		};
		2B587C9E2C0A6D2A00342F57 /* Cooking AppTests */ = {
			isa = PBXNativeTarget;
			buildConfigurationList = 2B587CB62C0A6D2A00342F57 /* Build configuration list for PBXNativeTarget "Cooking AppTests" */;
			buildPhases = (
				2B587C9B2C0A6D2A00342F57 /* Sources */,
				2B587C9C2C0A6D2A00342F57 /* Frameworks */,
				2B587C9D2C0A6D2A00342F57 /* Resources */,
			);
			buildRules = (
			);
			dependencies = (
				2B587CA12C0A6D2A00342F57 /* PBXTargetDependency */,
			);
			name = "Cooking AppTests";
			productName = "Cooking AppTests";
			productReference = 2B587C9F2C0A6D2A00342F57 /* Cooking AppTests.xctest */;
			productType = "com.apple.product-type.bundle.unit-test";
		};
		2B587CA82C0A6D2A00342F57 /* Cooking AppUITests */ = {
			isa = PBXNativeTarget;
			buildConfigurationList = 2B587CB92C0A6D2A00342F57 /* Build configuration list for PBXNativeTarget "Cooking AppUITests" */;
			buildPhases = (
				2B587CA52C0A6D2A00342F57 /* Sources */,
				2B587CA62C0A6D2A00342F57 /* Frameworks */,
				2B587CA72C0A6D2A00342F57 /* Resources */,
			);
			buildRules = (
			);
			dependencies = (
				2B587CAB2C0A6D2A00342F57 /* PBXTargetDependency */,
			);
			name = "Cooking AppUITests";
			productName = "Cooking AppUITests";
			productReference = 2B587CA92C0A6D2A00342F57 /* Cooking AppUITests.xctest */;
			productType = "com.apple.product-type.bundle.ui-testing";
		};
/* End PBXNativeTarget section */

/* Begin PBXProject section */
		2B587C872C0A6D2900342F57 /* Project object */ = {
			isa = PBXProject;
			attributes = {
				BuildIndependentTargetsInParallel = 1;
				LastSwiftUpdateCheck = 1540;
				LastUpgradeCheck = 1540;
				TargetAttributes = {
					2B587C8E2C0A6D2900342F57 = {
						CreatedOnToolsVersion = 15.4;
					};
					2B587C9E2C0A6D2A00342F57 = {
						CreatedOnToolsVersion = 15.4;
						TestTargetID = 2B587C8E2C0A6D2900342F57;
					};
					2B587CA82C0A6D2A00342F57 = {
						CreatedOnToolsVersion = 15.4;
						TestTargetID = 2B587C8E2C0A6D2900342F57;
					};
				};
			};
			buildConfigurationList = 2B587C8A2C0A6D2900342F57 /* Build configuration list for PBXProject "Cooking App" */;
			compatibilityVersion = "Xcode 14.0";
			developmentRegion = en;
			hasScannedForEncodings = 0;
			knownRegions = (
				en,
				Base,
			);
			mainGroup = 2B587C862C0A6D2900342F57;
			productRefGroup = 2B587C902C0A6D2900342F57 /* Products */;
			projectDirPath = "";
			projectRoot = "";
			targets = (
				2B587C8E2C0A6D2900342F57 /* Cooking App */,
				2B587C9E2C0A6D2A00342F57 /* Cooking AppTests */,
				2B587CA82C0A6D2A00342F57 /* Cooking AppUITests */,
			);
		};
/* End PBXProject section */

/* Begin PBXResourcesBuildPhase section */
		2B587C8D2C0A6D2900342F57 /* Resources */ = {
			isa = PBXResourcesBuildPhase;
			buildActionMask = 2147483647;
			files = (
				2B587C9A2C0A6D2A00342F57 /* Preview Assets.xcassets in Resources */,
				2B587C972C0A6D2A00342F57 /* Assets.xcassets in Resources */,
			);
			runOnlyForDeploymentPostprocessing = 0;
		};
		2B587C9D2C0A6D2A00342F57 /* Resources */ = {
			isa = PBXResourcesBuildPhase;
			buildActionMask = 2147483647;
			files = (
			);
			runOnlyForDeploymentPostprocessing = 0;
		};
		2B587CA72C0A6D2A00342F57 /* Resources */ = {
			isa = PBXResourcesBuildPhase;
			buildActionMask = 2147483647;
			files = (
			);
			runOnlyForDeploymentPostprocessing = 0;
		};
/* End PBXResourcesBuildPhase section */

/* Begin PBXSourcesBuildPhase section */
		2B587C8B2C0A6D2900342F57 /* Sources */ = {
			isa = PBXSourcesBuildPhase;
			buildActionMask = 2147483647;
			files = (
				2B587C952C0A6D2900342F57 /* ContentView.swift in Sources */,
				2B587C932C0A6D2900342F57 /* Cooking_AppApp.swift in Sources */,
			);
			runOnlyForDeploymentPostprocessing = 0;
		};
		2B587C9B2C0A6D2A00342F57 /* Sources */ = {
			isa = PBXSourcesBuildPhase;
			buildActionMask = 2147483647;
			files = (
				2B587CA42C0A6D2A00342F57 /* Cooking_AppTests.swift in Sources */,
			);
			runOnlyForDeploymentPostprocessing = 0;
		};
		2B587CA52C0A6D2A00342F57 /* Sources */ = {
			isa = PBXSourcesBuildPhase;
			buildActionMask = 2147483647;
			files = (
				2B587CAE2C0A6D2A00342F57 /* Cooking_AppUITests.swift in Sources */,
				2B587CB02C0A6D2A00342F57 /* Cooking_AppUITestsLaunchTests.swift in Sources */,
			);
			runOnlyForDeploymentPostprocessing = 0;
		};
/* End PBXSourcesBuildPhase section */

/* Begin PBXTargetDependency section */
		2B587CA12C0A6D2A00342F57 /* PBXTargetDependency */ = {
			isa = PBXTargetDependency;
			target = 2B587C8E2C0A6D2900342F57 /* Cooking App */;
			targetProxy = 2B587CA02C0A6D2A00342F57 /* PBXContainerItemProxy */;
		};
		2B587CAB2C0A6D2A00342F57 /* PBXTargetDependency */ = {
			isa = PBXTargetDependency;
			target = 2B587C8E2C0A6D2900342F57 /* Cooking App */;
			targetProxy = 2B587CAA2C0A6D2A00342F57 /* PBXContainerItemProxy */;
		};
/* End PBXTargetDependency section */

/* Begin XCBuildConfiguration section */
		2B587CB12C0A6D2A00342F57 /* Debug */ = {
			isa = XCBuildConfiguration;
			buildSettings = {
				ALWAYS_SEARCH_USER_PATHS = NO;
				ASSETCATALOG_COMPILER_GENERATE_SWIFT_ASSET_SYMBOL_EXTENSIONS = YES;
				CLANG_ANALYZER_NONNULL = YES;
				CLANG_ANALYZER_NUMBER_OBJECT_CONVERSION = YES_AGGRESSIVE;
				CLANG_CXX_LANGUAGE_STANDARD = "gnu++20";
				CLANG_ENABLE_MODULES = YES;
				CLANG_ENABLE_OBJC_ARC = YES;
				CLANG_ENABLE_OBJC_WEAK = YES;
				CLANG_WARN_BLOCK_CAPTURE_AUTORELEASING = YES;
				CLANG_WARN_BOOL_CONVERSION = YES;
				CLANG_WARN_COMMA = YES;
				CLANG_WARN_CONSTANT_CONVERSION = YES;
				CLANG_WARN_DEPRECATED_OBJC_IMPLEMENTATIONS = YES;
				CLANG_WARN_DIRECT_OBJC_ISA_USAGE = YES_ERROR;
				CLANG_WARN_DOCUMENTATION_COMMENTS = YES;
				CLANG_WARN_EMPTY_BODY = YES;
				CLANG_WARN_ENUM_CONVERSION = YES;
				CLANG_WARN_INFINITE_RECURSION = YES;
				CLANG_WARN_INT_CONVERSION = YES;
				CLANG_WARN_NON_LITERAL_NULL_CONVERSION = YES;
				CLANG_WARN_OBJC_IMPLICIT_RETAIN_SELF = YES;
				CLANG_WARN_OBJC_LITERAL_CONVERSION = YES;
				CLANG_WARN_OBJC_ROOT_CLASS = YES_ERROR;
				CLANG_WARN_QUOTED_INCLUDE_IN_FRAMEWORK_HEADER = YES;
				CLANG_WARN_RANGE_LOOP_ANALYSIS = YES;
				CLANG_WARN_STRICT_PROTOTYPES = YES;
				CLANG_WARN_SUSPICIOUS_MOVE = YES;
				CLANG_WARN_UNGUARDED_AVAILABILITY = YES_AGGRESSIVE;
				CLANG_WARN_UNREACHABLE_CODE = YES;
				CLANG_WARN__DUPLICATE_METHOD_MATCH = YES;
				COPY_PHASE_STRIP = NO;
				DEBUG_INFORMATION_FORMAT = dwarf;
				ENABLE_STRICT_OBJC_MSGSEND = YES;
				ENABLE_TESTABILITY = YES;
				ENABLE_USER_SCRIPT_SANDBOXING = YES;
				GCC_C_LANGUAGE_STANDARD = gnu17;
				GCC_DYNAMIC_NO_PIC = NO;
				GCC_NO_COMMON_BLOCKS = YES;
				GCC_OPTIMIZATION_LEVEL = 0;
				GCC_PREPROCESSOR_DEFINITIONS = (
					"DEBUG=1",
					"$(inherited)",
				);
				GCC_WARN_64_TO_32_BIT_CONVERSION = YES;
				GCC_WARN_ABOUT_RETURN_TYPE = YES_ERROR;
				GCC_WARN_UNDECLARED_SELECTOR = YES;
				GCC_WARN_UNINITIALIZED_AUTOS = YES_AGGRESSIVE;
				GCC_WARN_UNUSED_FUNCTION = YES;
				GCC_WARN_UNUSED_VARIABLE = YES;
				IPHONEOS_DEPLOYMENT_TARGET = 17.5;
				LOCALIZATION_PREFERS_STRING_CATALOGS = YES;
				MTL_ENABLE_DEBUG_INFO = INCLUDE_SOURCE;
				MTL_FAST_MATH = YES;
				ONLY_ACTIVE_ARCH = YES;
				SDKROOT = iphoneos;
				SWIFT_ACTIVE_COMPILATION_CONDITIONS = "DEBUG $(inherited)";
				SWIFT_OPTIMIZATION_LEVEL = "-Onone";
			};
			name = Debug;
		};
		2B587CB22C0A6D2A00342F57 /* Release */ = {
			isa = XCBuildConfiguration;
			buildSettings = {
				ALWAYS_SEARCH_USER_PATHS = NO;
				ASSETCATALOG_COMPILER_GENERATE_SWIFT_ASSET_SYMBOL_EXTENSIONS = YES;
				CLANG_ANALYZER_NONNULL = YES;
				CLANG_ANALYZER_NUMBER_OBJECT_CONVERSION = YES_AGGRESSIVE;
				CLANG_CXX_LANGUAGE_STANDARD = "gnu++20";
				CLANG_ENABLE_MODULES = YES;
				CLANG_ENABLE_OBJC_ARC = YES;
				CLANG_ENABLE_OBJC_WEAK = YES;
				CLANG_WARN_BLOCK_CAPTURE_AUTORELEASING = YES;
				CLANG_WARN_BOOL_CONVERSION = YES;
				CLANG_WARN_COMMA = YES;
				CLANG_WARN_CONSTANT_CONVERSION = YES;
				CLANG_WARN_DEPRECATED_OBJC_IMPLEMENTATIONS = YES;
				CLANG_WARN_DIRECT_OBJC_ISA_USAGE = YES_ERROR;
				CLANG_WARN_DOCUMENTATION_COMMENTS = YES;
				CLANG_WARN_EMPTY_BODY = YES;
				CLANG_WARN_ENUM_CONVERSION = YES;
				CLANG_WARN_INFINITE_RECURSION = YES;
				CLANG_WARN_INT_CONVERSION = YES;
				CLANG_WARN_NON_LITERAL_NULL_CONVERSION = YES;
				CLANG_WARN_OBJC_IMPLICIT_RETAIN_SELF = YES;
				CLANG_WARN_OBJC_LITERAL_CONVERSION = YES;
				CLANG_WARN_OBJC_ROOT_CLASS = YES_ERROR;
				CLANG_WARN_QUOTED_INCLUDE_IN_FRAMEWORK_HEADER = YES;
				CLANG_WARN_RANGE_LOOP_ANALYSIS = YES;
				CLANG_WARN_STRICT_PROTOTYPES = YES;
				CLANG_WARN_SUSPICIOUS_MOVE = YES;
				CLANG_WARN_UNGUARDED_AVAILABILITY = YES_AGGRESSIVE;
				CLANG_WARN_UNREACHABLE_CODE = YES;
				CLANG_WARN__DUPLICATE_METHOD_MATCH = YES;
				COPY_PHASE_STRIP = NO;
				DEBUG_INFORMATION_FORMAT = "dwarf-with-dsym";
				ENABLE_NS_ASSERTIONS = NO;
				ENABLE_STRICT_OBJC_MSGSEND = YES;
				ENABLE_USER_SCRIPT_SANDBOXING = YES;
				GCC_C_LANGUAGE_STANDARD = gnu17;
				GCC_NO_COMMON_BLOCKS = YES;
				GCC_WARN_64_TO_32_BIT_CONVERSION = YES;
				GCC_WARN_ABOUT_RETURN_TYPE = YES_ERROR;
				GCC_WARN_UNDECLARED_SELECTOR = YES;
				GCC_WARN_UNINITIALIZED_AUTOS = YES_AGGRESSIVE;
				GCC_WARN_UNUSED_FUNCTION = YES;
				GCC_WARN_UNUSED_VARIABLE = YES;
				IPHONEOS_DEPLOYMENT_TARGET = 17.5;
				LOCALIZATION_PREFERS_STRING_CATALOGS = YES;
				MTL_ENABLE_DEBUG_INFO = NO;
				MTL_FAST_MATH = YES;
				SDKROOT = iphoneos;
				SWIFT_COMPILATION_MODE = wholemodule;
				VALIDATE_PRODUCT = YES;
			};
			name = Release;
		};
		2B587CB42C0A6D2A00342F57 /* Debug */ = {
			isa = XCBuildConfiguration;
			buildSettings = {
				ASSETCATALOG_COMPILER_APPICON_NAME = AppIcon;
				ASSETCATALOG_COMPILER_GLOBAL_ACCENT_COLOR_NAME = AccentColor;
				CODE_SIGN_STYLE = Automatic;
				CURRENT_PROJECT_VERSION = 1;
				DEVELOPMENT_ASSET_PATHS = "\"Cooking App/Preview Content\"";
				DEVELOPMENT_TEAM = P824897SXQ;
				ENABLE_PREVIEWS = YES;
				GENERATE_INFOPLIST_FILE = YES;
				INFOPLIST_KEY_UIApplicationSceneManifest_Generation = YES;
				INFOPLIST_KEY_UIApplicationSupportsIndirectInputEvents = YES;
				INFOPLIST_KEY_UILaunchScreen_Generation = YES;
				INFOPLIST_KEY_UISupportedInterfaceOrientations_iPad = "UIInterfaceOrientationPortrait UIInterfaceOrientationPortraitUpsideDown UIInterfaceOrientationLandscapeLeft UIInterfaceOrientationLandscapeRight";
				INFOPLIST_KEY_UISupportedInterfaceOrientations_iPhone = "UIInterfaceOrientationPortrait UIInterfaceOrientationLandscapeLeft UIInterfaceOrientationLandscapeRight";
				LD_RUNPATH_SEARCH_PATHS = (
					"$(inherited)",
					"@executable_path/Frameworks",
				);
				MARKETING_VERSION = 1.0;
				PRODUCT_BUNDLE_IDENTIFIER = "EpicDevelopment.Cooking-App";
				PRODUCT_NAME = "$(TARGET_NAME)";
				SWIFT_EMIT_LOC_STRINGS = YES;
				SWIFT_VERSION = 5.0;
				TARGETED_DEVICE_FAMILY = "1,2";
			};
			name = Debug;
		};
		2B587CB52C0A6D2A00342F57 /* Release */ = {
			isa = XCBuildConfiguration;
			buildSettings = {
				ASSETCATALOG_COMPILER_APPICON_NAME = AppIcon;
				ASSETCATALOG_COMPILER_GLOBAL_ACCENT_COLOR_NAME = AccentColor;
				CODE_SIGN_STYLE = Automatic;
				CURRENT_PROJECT_VERSION = 1;
				DEVELOPMENT_ASSET_PATHS = "\"Cooking App/Preview Content\"";
				DEVELOPMENT_TEAM = P824897SXQ;
				ENABLE_PREVIEWS = YES;
				GENERATE_INFOPLIST_FILE = YES;
				INFOPLIST_KEY_UIApplicationSceneManifest_Generation = YES;
				INFOPLIST_KEY_UIApplicationSupportsIndirectInputEvents = YES;
				INFOPLIST_KEY_UILaunchScreen_Generation = YES;
				INFOPLIST_KEY_UISupportedInterfaceOrientations_iPad = "UIInterfaceOrientationPortrait UIInterfaceOrientationPortraitUpsideDown UIInterfaceOrientationLandscapeLeft UIInterfaceOrientationLandscapeRight";
				INFOPLIST_KEY_UISupportedInterfaceOrientations_iPhone = "UIInterfaceOrientationPortrait UIInterfaceOrientationLandscapeLeft UIInterfaceOrientationLandscapeRight";
				LD_RUNPATH_SEARCH_PATHS = (
					"$(inherited)",
					"@executable_path/Frameworks",
				);
				MARKETING_VERSION = 1.0;
				PRODUCT_BUNDLE_IDENTIFIER = "EpicDevelopment.Cooking-App";
				PRODUCT_NAME = "$(TARGET_NAME)";
				SWIFT_EMIT_LOC_STRINGS = YES;
				SWIFT_VERSION = 5.0;
				TARGETED_DEVICE_FAMILY = "1,2";
			};
			name = Release;
		};
		2B587CB72C0A6D2A00342F57 /* Debug */ = {
			isa = XCBuildConfiguration;
			buildSettings = {
				ALWAYS_EMBED_SWIFT_STANDARD_LIBRARIES = YES;
				BUNDLE_LOADER = "$(TEST_HOST)";
				CODE_SIGN_STYLE = Automatic;
				CURRENT_PROJECT_VERSION = 1;
				DEVELOPMENT_TEAM = P824897SXQ;
				GENERATE_INFOPLIST_FILE = YES;
				IPHONEOS_DEPLOYMENT_TARGET = 17.5;
				MARKETING_VERSION = 1.0;
				PRODUCT_BUNDLE_IDENTIFIER = "EpicDevelopment.Cooking-AppTests";
				PRODUCT_NAME = "$(TARGET_NAME)";
				SWIFT_EMIT_LOC_STRINGS = NO;
				SWIFT_VERSION = 5.0;
				TARGETED_DEVICE_FAMILY = "1,2";
				TEST_HOST = "$(BUILT_PRODUCTS_DIR)/Cooking App.app/$(BUNDLE_EXECUTABLE_FOLDER_PATH)/Cooking App";
			};
			name = Debug;
		};
		2B587CB82C0A6D2A00342F57 /* Release */ = {
			isa = XCBuildConfiguration;
			buildSettings = {
				ALWAYS_EMBED_SWIFT_STANDARD_LIBRARIES = YES;
				BUNDLE_LOADER = "$(TEST_HOST)";
				CODE_SIGN_STYLE = Automatic;
				CURRENT_PROJECT_VERSION = 1;
				DEVELOPMENT_TEAM = P824897SXQ;
				GENERATE_INFOPLIST_FILE = YES;
				IPHONEOS_DEPLOYMENT_TARGET = 17.5;
				MARKETING_VERSION = 1.0;
				PRODUCT_BUNDLE_IDENTIFIER = "EpicDevelopment.Cooking-AppTests";
				PRODUCT_NAME = "$(TARGET_NAME)";
				SWIFT_EMIT_LOC_STRINGS = NO;
				SWIFT_VERSION = 5.0;
				TARGETED_DEVICE_FAMILY = "1,2";
				TEST_HOST = "$(BUILT_PRODUCTS_DIR)/Cooking App.app/$(BUNDLE_EXECUTABLE_FOLDER_PATH)/Cooking App";
			};
			name = Release;
		};
		2B587CBA2C0A6D2A00342F57 /* Debug */ = {
			isa = XCBuildConfiguration;
			buildSettings = {
				ALWAYS_EMBED_SWIFT_STANDARD_LIBRARIES = YES;
				CODE_SIGN_STYLE = Automatic;
				CURRENT_PROJECT_VERSION = 1;
				DEVELOPMENT_TEAM = P824897SXQ;
				GENERATE_INFOPLIST_FILE = YES;
				MARKETING_VERSION = 1.0;
				PRODUCT_BUNDLE_IDENTIFIER = "EpicDevelopment.Cooking-AppUITests";
				PRODUCT_NAME = "$(TARGET_NAME)";
				SWIFT_EMIT_LOC_STRINGS = NO;
				SWIFT_VERSION = 5.0;
				TARGETED_DEVICE_FAMILY = "1,2";
				TEST_TARGET_NAME = "Cooking App";
			};
			name = Debug;
		};
		2B587CBB2C0A6D2A00342F57 /* Release */ = {
			isa = XCBuildConfiguration;
			buildSettings = {
				ALWAYS_EMBED_SWIFT_STANDARD_LIBRARIES = YES;
				CODE_SIGN_STYLE = Automatic;
				CURRENT_PROJECT_VERSION = 1;
				DEVELOPMENT_TEAM = P824897SXQ;
				GENERATE_INFOPLIST_FILE = YES;
				MARKETING_VERSION = 1.0;
				PRODUCT_BUNDLE_IDENTIFIER = "EpicDevelopment.Cooking-AppUITests";
				PRODUCT_NAME = "$(TARGET_NAME)";
				SWIFT_EMIT_LOC_STRINGS = NO;
				SWIFT_VERSION = 5.0;
				TARGETED_DEVICE_FAMILY = "1,2";
				TEST_TARGET_NAME = "Cooking App";
			};
			name = Release;
		};
/* End XCBuildConfiguration section */

/* Begin XCConfigurationList section */
		2B587C8A2C0A6D2900342F57 /* Build configuration list for PBXProject "Cooking App" */ = {
			isa = XCConfigurationList;
			buildConfigurations = (
				2B587CB12C0A6D2A00342F57 /* Debug */,
				2B587CB22C0A6D2A00342F57 /* Release */,
			);
			defaultConfigurationIsVisible = 0;
			defaultConfigurationName = Release;
		};
		2B587CB32C0A6D2A00342F57 /* Build configuration list for PBXNativeTarget "Cooking App" */ = {
			isa = XCConfigurationList;
			buildConfigurations = (
				2B587CB42C0A6D2A00342F57 /* Debug */,
				2B587CB52C0A6D2A00342F57 /* Release */,
			);
			defaultConfigurationIsVisible = 0;
			defaultConfigurationName = Release;
		};
		2B587CB62C0A6D2A00342F57 /* Build configuration list for PBXNativeTarget "Cooking AppTests" */ = {
			isa = XCConfigurationList;
			buildConfigurations = (
				2B587CB72C0A6D2A00342F57 /* Debug */,
				2B587CB82C0A6D2A00342F57 /* Release */,
			);
			defaultConfigurationIsVisible = 0;
			defaultConfigurationName = Release;
		};
		2B587CB92C0A6D2A00342F57 /* Build configuration list for PBXNativeTarget "Cooking AppUITests" */ = {
			isa = XCConfigurationList;
			buildConfigurations = (
				2B587CBA2C0A6D2A00342F57 /* Debug */,
				2B587CBB2C0A6D2A00342F57 /* Release */,
			);
			defaultConfigurationIsVisible = 0;
			defaultConfigurationName = Release;
		};
/* End XCConfigurationList section */
	};
	rootObject = 2B587C872C0A6D2900342F57 /* Project object */;
}
